
Microsoft Visual Studio Solution File, Format Version 12.00
Project("{FAE04EC0-301F-11D3-BF4B-00C04F79EFBC}") = "Debugging_Task_3", "Debugging_Task_3\Debugging_Task_3.csproj", "{0BD57550-76AA-491C-95A6-E88CAE43B2E3}"
EndProject
Global
	GlobalSection(SolutionConfigurationPlatforms) = preSolution
		Debug|Any CPU = Debug|Any CPU
		Release|Any CPU = Release|Any CPU
	EndGlobalSection
	GlobalSection(ProjectConfigurationPlatforms) = postSolution
		{0BD57550-76AA-491C-95A6-E88CAE43B2E3}.Debug|Any CPU.ActiveCfg = Debug|Any CPU
		{0BD57550-76AA-491C-95A6-E88CAE43B2E3}.Debug|Any CPU.Build.0 = Debug|Any CPU
		{0BD57550-76AA-491C-95A6-E88CAE43B2E3}.Release|Any CPU.ActiveCfg = Release|Any CPU
		{0BD57550-76AA-491C-95A6-E88CAE43B2E3}.Release|Any CPU.Build.0 = Release|Any CPU
	EndGlobalSection
EndGlobal
